
Microsoft Visual Studio Solution File, Format Version 12.00
# Visual Studio Version 16
VisualStudioVersion = 16.0.29720.13
MinimumVisualStudioVersion = 10.0.40219.1
Project("{9A19103F-16F7-4668-BE54-9A1E7A4F7556}") = "PostAdaptiveCard", "PostAdaptiveCard\PostAdaptiveCard.csproj", "{66DF7904-CF9C-465D-9C44-F666630FB8F0}"
EndProject
Project("{2150E333-8FDC-42A3-9474-1A3956D46DE8}") = "Solution Items", "Solution Items", "{2840CBEE-52F9-499B-9BC8-0A5EF9749F32}"
	ProjectSection(SolutionItems) = preProject
		.editorconfig = .editorconfig
		action.yml = action.yml
		Dockerfile = Dockerfile
		entrypoint.sh = entrypoint.sh
		README.md = README.md
	EndProjectSection
EndProject
Global
	GlobalSection(SolutionConfigurationPlatforms) = preSolution
		Debug|Any CPU = Debug|Any CPU
		Release|Any CPU = Release|Any CPU
	EndGlobalSection
	GlobalSection(ProjectConfigurationPlatforms) = postSolution
		{66DF7904-CF9C-465D-9C44-F666630FB8F0}.Debug|Any CPU.ActiveCfg = Debug|Any CPU
		{66DF7904-CF9C-465D-9C44-F666630FB8F0}.Debug|Any CPU.Build.0 = Debug|Any CPU
		{66DF7904-CF9C-465D-9C44-F666630FB8F0}.Release|Any CPU.ActiveCfg = Release|Any CPU
		{66DF7904-CF9C-465D-9C44-F666630FB8F0}.Release|Any CPU.Build.0 = Release|Any CPU
	EndGlobalSection
	GlobalSection(SolutionProperties) = preSolution
		HideSolutionNode = FALSE
	EndGlobalSection
	GlobalSection(ExtensibilityGlobals) = postSolution
		SolutionGuid = {94921B27-BD60-4231-B901-D2A39F8ACE09}
	EndGlobalSection
EndGlobal
